
Microsoft Visual Studio Solution File, Format Version 12.00
# Visual Studio 15
VisualStudioVersion = 15.0.28010.2016
MinimumVisualStudioVersion = 10.0.40219.1
Project("{FAE04EC0-301F-11D3-BF4B-00C04F79EFBC}") = "RaizQuadrada", "RaizQuadrada\RaizQuadrada.csproj", "{A114045E-1478-406C-B217-14C86D1FFEBB}"
EndProject
Global
	GlobalSection(SolutionConfigurationPlatforms) = preSolution
		Debug|Any CPU = Debug|Any CPU
		Release|Any CPU = Release|Any CPU
	EndGlobalSection
	GlobalSection(ProjectConfigurationPlatforms) = postSolution
		{A114045E-1478-406C-B217-14C86D1FFEBB}.Debug|Any CPU.ActiveCfg = Debug|Any CPU
		{A114045E-1478-406C-B217-14C86D1FFEBB}.Debug|Any CPU.Build.0 = Debug|Any CPU
		{A114045E-1478-406C-B217-14C86D1FFEBB}.Release|Any CPU.ActiveCfg = Release|Any CPU
		{A114045E-1478-406C-B217-14C86D1FFEBB}.Release|Any CPU.Build.0 = Release|Any CPU
	EndGlobalSection
	GlobalSection(SolutionProperties) = preSolution
		HideSolutionNode = FALSE
	EndGlobalSection
	GlobalSection(ExtensibilityGlobals) = postSolution
		SolutionGuid = {A4BE7392-D183-43D8-BEE5-40F7F5A3AFBC}
	EndGlobalSection
EndGlobal
